
Microsoft Visual Studio Solution File, Format Version 11.00
# Visual Studio 2010
Project("{8BC9CEB8-8B4A-11D0-8D11-00A0C91BC942}") = "Chapter2", "Chapter2\Chapter2.vcxproj", "{05AE3FDF-3019-4219-8CA7-3690D74D68F2}"
EndProject
Project("{8BC9CEB8-8B4A-11D0-8D11-00A0C91BC942}") = "2.1", "2.1\2.1.vcxproj", "{A22C4900-1FB5-41D1-9E2F-0974EB275DD7}"
EndProject
Project("{8BC9CEB8-8B4A-11D0-8D11-00A0C91BC942}") = "Chapter6", "Chapter6\Chapter6.vcxproj", "{16C0A6DA-C8A8-4429-9AD0-C230DFBBCC54}"
EndProject
Project("{8BC9CEB8-8B4A-11D0-8D11-00A0C91BC942}") = "chatper6_new", "chatper6_new\chatper6_new.vcxproj", "{E06F7F2F-9804-4A11-81C0-7B4BBF9CA43D}"
EndProject
Project("{8BC9CEB8-8B4A-11D0-8D11-00A0C91BC942}") = "chater6_new_win32", "chater6_new_win32\chater6_new_win32.vcxproj", "{050D9CE3-F8F7-4383-9BFD-DE9840177E16}"
EndProject
Project("{8BC9CEB8-8B4A-11D0-8D11-00A0C91BC942}") = "chapter6_2", "chapter6_2\chapter6_2.vcxproj", "{087B8530-4CC3-44BE-AB05-A71AC880CB29}"
EndProject
Project("{8BC9CEB8-8B4A-11D0-8D11-00A0C91BC942}") = "chapter6_cast", "chapter6_cast\chapter6_cast.vcxproj", "{042C7322-4512-456F-8CF5-C724B0D7476B}"
EndProject
Project("{8BC9CEB8-8B4A-11D0-8D11-00A0C91BC942}") = "chapter10", "chapter10\chapter10.vcxproj", "{9FE70760-6FB9-434E-A115-EF01C6CA9AA3}"
EndProject
Project("{8BC9CEB8-8B4A-11D0-8D11-00A0C91BC942}") = "chapter10.4.6", "chapter10.4.6\chapter10.4.6.vcxproj", "{5BE68A50-FEA7-4DAF-87F8-FC67D40E2D66}"
EndProject
Project("{8BC9CEB8-8B4A-11D0-8D11-00A0C91BC942}") = "chapter10.4.7", "chapter10.4.7\chapter10.4.7.vcxproj", "{DEC74E70-FFBB-4536-9A92-7E3F1B44B3B6}"
EndProject
Project("{8BC9CEB8-8B4A-11D0-8D11-00A0C91BC942}") = "chapter10.4.8", "chapter10.4.8\chapter10.4.8.vcxproj", "{B5FA55DD-C14D-4D6E-8802-1FD4FF2A5D7A}"
EndProject
Project("{8BC9CEB8-8B4A-11D0-8D11-00A0C91BC942}") = "chapter10.4.9", "chapter10.4.9\chapter10.4.9.vcxproj", "{14588127-EF2D-420A-89EC-DB98C0BE1E49}"
EndProject
Project("{8BC9CEB8-8B4A-11D0-8D11-00A0C91BC942}") = "chapter10.4.10", "chapter10.4.10\chapter10.4.10.vcxproj", "{CFA740A6-BB56-4775-8D5D-A47462B98112}"
EndProject
Project("{8BC9CEB8-8B4A-11D0-8D11-00A0C91BC942}") = "chapter10.4.10.2", "chapter10.4.10.2\chapter10.4.10.2.vcxproj", "{E737007D-EEF2-4748-B7E1-8010DC499A96}"
EndProject
Project("{8BC9CEB8-8B4A-11D0-8D11-00A0C91BC942}") = "chapter10.4.11", "chapter10.4.11\chapter10.4.11.vcxproj", "{D78172AC-0EF6-4A04-BA38-2587C48E4789}"
EndProject
Project("{8BC9CEB8-8B4A-11D0-8D11-00A0C91BC942}") = "chapter10.4.12", "chapter10.4.12\chapter10.4.12.vcxproj", "{9E40992D-309E-4234-8ACF-0C9BA02FC65B}"
EndProject
Project("{8BC9CEB8-8B4A-11D0-8D11-00A0C91BC942}") = "chapter10.2.7", "chapter10.2.7\chapter10.2.7.vcxproj", "{866F8814-77EE-4D9C-BC50-B4DEB91CFA13}"
EndProject
Project("{8BC9CEB8-8B4A-11D0-8D11-00A0C91BC942}") = "Chapter12_State", "Chapter12_State\Chapter12_State.vcxproj", "{0CE8C08B-EAB8-4876-836E-84860CA66AA4}"
EndProject
Project("{8BC9CEB8-8B4A-11D0-8D11-00A0C91BC942}") = "Chapter12.2.2", "Chapter12.2.2\Chapter12.2.2.vcxproj", "{D59E9993-0408-46AC-988D-EA82A5AAA5F7}"
EndProject
Project("{8BC9CEB8-8B4A-11D0-8D11-00A0C91BC942}") = "Chapter12.2.3", "Chapter12.2.3\Chapter12.2.3.vcxproj", "{82B0D2D8-8572-459A-8FEC-7775F57BE36F}"
EndProject
Project("{8BC9CEB8-8B4A-11D0-8D11-00A0C91BC942}") = "Chapter12.2.4", "Chapter12.2.4\Chapter12.2.4.vcxproj", "{CB995EE7-41E6-480A-8912-CA633E98F8CA}"
EndProject
Project("{8BC9CEB8-8B4A-11D0-8D11-00A0C91BC942}") = "Chapter12.4.1", "Chapter12.4.1\Chapter12.4.1.vcxproj", "{35DEE4B0-087E-4846-AD85-02FFFAA2BBA1}"
EndProject
Project("{8BC9CEB8-8B4A-11D0-8D11-00A0C91BC942}") = "Chapter12.4.1.1", "Chapter12.4.1.1\Chapter12.4.1.1.vcxproj", "{7B516F52-8639-4ED3-8E49-DA998DC58306}"
EndProject
Project("{8BC9CEB8-8B4A-11D0-8D11-00A0C91BC942}") = "Chapter12.4.3", "Chapter12.4.3\Chapter12.4.3.vcxproj", "{7D1D7B10-5272-4514-A975-D00AD8595F78}"
EndProject
Project("{8BC9CEB8-8B4A-11D0-8D11-00A0C91BC942}") = "chapter12.4.3.1", "chapter12.4.3.1\chapter12.4.3.1.vcxproj", "{D4B70444-6003-4E79-AB4B-B864350505F8}"
EndProject
Global
	GlobalSection(SolutionConfigurationPlatforms) = preSolution
		Debug|Win32 = Debug|Win32
		Release|Win32 = Release|Win32
	EndGlobalSection
	GlobalSection(ProjectConfigurationPlatforms) = postSolution
		{05AE3FDF-3019-4219-8CA7-3690D74D68F2}.Debug|Win32.ActiveCfg = Debug|Win32
		{05AE3FDF-3019-4219-8CA7-3690D74D68F2}.Debug|Win32.Build.0 = Debug|Win32
		{05AE3FDF-3019-4219-8CA7-3690D74D68F2}.Release|Win32.ActiveCfg = Release|Win32
		{05AE3FDF-3019-4219-8CA7-3690D74D68F2}.Release|Win32.Build.0 = Release|Win32
		{A22C4900-1FB5-41D1-9E2F-0974EB275DD7}.Debug|Win32.ActiveCfg = Debug|Win32
		{A22C4900-1FB5-41D1-9E2F-0974EB275DD7}.Debug|Win32.Build.0 = Debug|Win32
		{A22C4900-1FB5-41D1-9E2F-0974EB275DD7}.Release|Win32.ActiveCfg = Release|Win32
		{A22C4900-1FB5-41D1-9E2F-0974EB275DD7}.Release|Win32.Build.0 = Release|Win32
		{16C0A6DA-C8A8-4429-9AD0-C230DFBBCC54}.Debug|Win32.ActiveCfg = Debug|Win32
		{16C0A6DA-C8A8-4429-9AD0-C230DFBBCC54}.Debug|Win32.Build.0 = Debug|Win32
		{16C0A6DA-C8A8-4429-9AD0-C230DFBBCC54}.Release|Win32.ActiveCfg = Release|Win32
		{16C0A6DA-C8A8-4429-9AD0-C230DFBBCC54}.Release|Win32.Build.0 = Release|Win32
		{E06F7F2F-9804-4A11-81C0-7B4BBF9CA43D}.Debug|Win32.ActiveCfg = Debug|Win32
		{E06F7F2F-9804-4A11-81C0-7B4BBF9CA43D}.Debug|Win32.Build.0 = Debug|Win32
		{E06F7F2F-9804-4A11-81C0-7B4BBF9CA43D}.Release|Win32.ActiveCfg = Release|Win32
		{E06F7F2F-9804-4A11-81C0-7B4BBF9CA43D}.Release|Win32.Build.0 = Release|Win32
		{050D9CE3-F8F7-4383-9BFD-DE9840177E16}.Debug|Win32.ActiveCfg = Debug|Win32
		{050D9CE3-F8F7-4383-9BFD-DE9840177E16}.Debug|Win32.Build.0 = Debug|Win32
		{050D9CE3-F8F7-4383-9BFD-DE9840177E16}.Release|Win32.ActiveCfg = Release|Win32
		{050D9CE3-F8F7-4383-9BFD-DE9840177E16}.Release|Win32.Build.0 = Release|Win32
		{087B8530-4CC3-44BE-AB05-A71AC880CB29}.Debug|Win32.ActiveCfg = Debug|Win32
		{087B8530-4CC3-44BE-AB05-A71AC880CB29}.Debug|Win32.Build.0 = Debug|Win32
		{087B8530-4CC3-44BE-AB05-A71AC880CB29}.Release|Win32.ActiveCfg = Release|Win32
		{087B8530-4CC3-44BE-AB05-A71AC880CB29}.Release|Win32.Build.0 = Release|Win32
		{042C7322-4512-456F-8CF5-C724B0D7476B}.Debug|Win32.ActiveCfg = Debug|Win32
		{042C7322-4512-456F-8CF5-C724B0D7476B}.Debug|Win32.Build.0 = Debug|Win32
		{042C7322-4512-456F-8CF5-C724B0D7476B}.Release|Win32.ActiveCfg = Release|Win32
		{042C7322-4512-456F-8CF5-C724B0D7476B}.Release|Win32.Build.0 = Release|Win32
		{9FE70760-6FB9-434E-A115-EF01C6CA9AA3}.Debug|Win32.ActiveCfg = Debug|Win32
		{9FE70760-6FB9-434E-A115-EF01C6CA9AA3}.Debug|Win32.Build.0 = Debug|Win32
		{9FE70760-6FB9-434E-A115-EF01C6CA9AA3}.Release|Win32.ActiveCfg = Release|Win32
		{9FE70760-6FB9-434E-A115-EF01C6CA9AA3}.Release|Win32.Build.0 = Release|Win32
		{5BE68A50-FEA7-4DAF-87F8-FC67D40E2D66}.Debug|Win32.ActiveCfg = Debug|Win32
		{5BE68A50-FEA7-4DAF-87F8-FC67D40E2D66}.Debug|Win32.Build.0 = Debug|Win32
		{5BE68A50-FEA7-4DAF-87F8-FC67D40E2D66}.Release|Win32.ActiveCfg = Release|Win32
		{5BE68A50-FEA7-4DAF-87F8-FC67D40E2D66}.Release|Win32.Build.0 = Release|Win32
		{DEC74E70-FFBB-4536-9A92-7E3F1B44B3B6}.Debug|Win32.ActiveCfg = Debug|Win32
		{DEC74E70-FFBB-4536-9A92-7E3F1B44B3B6}.Debug|Win32.Build.0 = Debug|Win32
		{DEC74E70-FFBB-4536-9A92-7E3F1B44B3B6}.Release|Win32.ActiveCfg = Release|Win32
		{DEC74E70-FFBB-4536-9A92-7E3F1B44B3B6}.Release|Win32.Build.0 = Release|Win32
		{B5FA55DD-C14D-4D6E-8802-1FD4FF2A5D7A}.Debug|Win32.ActiveCfg = Debug|Win32
		{B5FA55DD-C14D-4D6E-8802-1FD4FF2A5D7A}.Debug|Win32.Build.0 = Debug|Win32
		{B5FA55DD-C14D-4D6E-8802-1FD4FF2A5D7A}.Release|Win32.ActiveCfg = Release|Win32
		{B5FA55DD-C14D-4D6E-8802-1FD4FF2A5D7A}.Release|Win32.Build.0 = Release|Win32
		{14588127-EF2D-420A-89EC-DB98C0BE1E49}.Debug|Win32.ActiveCfg = Debug|Win32
		{14588127-EF2D-420A-89EC-DB98C0BE1E49}.Debug|Win32.Build.0 = Debug|Win32
		{14588127-EF2D-420A-89EC-DB98C0BE1E49}.Release|Win32.ActiveCfg = Release|Win32
		{14588127-EF2D-420A-89EC-DB98C0BE1E49}.Release|Win32.Build.0 = Release|Win32
		{CFA740A6-BB56-4775-8D5D-A47462B98112}.Debug|Win32.ActiveCfg = Debug|Win32
		{CFA740A6-BB56-4775-8D5D-A47462B98112}.Debug|Win32.Build.0 = Debug|Win32
		{CFA740A6-BB56-4775-8D5D-A47462B98112}.Release|Win32.ActiveCfg = Release|Win32
		{CFA740A6-BB56-4775-8D5D-A47462B98112}.Release|Win32.Build.0 = Release|Win32
		{E737007D-EEF2-4748-B7E1-8010DC499A96}.Debug|Win32.ActiveCfg = Debug|Win32
		{E737007D-EEF2-4748-B7E1-8010DC499A96}.Debug|Win32.Build.0 = Debug|Win32
		{E737007D-EEF2-4748-B7E1-8010DC499A96}.Release|Win32.ActiveCfg = Release|Win32
		{E737007D-EEF2-4748-B7E1-8010DC499A96}.Release|Win32.Build.0 = Release|Win32
		{D78172AC-0EF6-4A04-BA38-2587C48E4789}.Debug|Win32.ActiveCfg = Debug|Win32
		{D78172AC-0EF6-4A04-BA38-2587C48E4789}.Debug|Win32.Build.0 = Debug|Win32
		{D78172AC-0EF6-4A04-BA38-2587C48E4789}.Release|Win32.ActiveCfg = Release|Win32
		{D78172AC-0EF6-4A04-BA38-2587C48E4789}.Release|Win32.Build.0 = Release|Win32
		{9E40992D-309E-4234-8ACF-0C9BA02FC65B}.Debug|Win32.ActiveCfg = Debug|Win32
		{9E40992D-309E-4234-8ACF-0C9BA02FC65B}.Debug|Win32.Build.0 = Debug|Win32
		{9E40992D-309E-4234-8ACF-0C9BA02FC65B}.Release|Win32.ActiveCfg = Release|Win32
		{9E40992D-309E-4234-8ACF-0C9BA02FC65B}.Release|Win32.Build.0 = Release|Win32
		{866F8814-77EE-4D9C-BC50-B4DEB91CFA13}.Debug|Win32.ActiveCfg = Debug|Win32
		{866F8814-77EE-4D9C-BC50-B4DEB91CFA13}.Debug|Win32.Build.0 = Debug|Win32
		{866F8814-77EE-4D9C-BC50-B4DEB91CFA13}.Release|Win32.ActiveCfg = Release|Win32
		{866F8814-77EE-4D9C-BC50-B4DEB91CFA13}.Release|Win32.Build.0 = Release|Win32
		{0CE8C08B-EAB8-4876-836E-84860CA66AA4}.Debug|Win32.ActiveCfg = Debug|Win32
		{0CE8C08B-EAB8-4876-836E-84860CA66AA4}.Debug|Win32.Build.0 = Debug|Win32
		{0CE8C08B-EAB8-4876-836E-84860CA66AA4}.Release|Win32.ActiveCfg = Release|Win32
		{0CE8C08B-EAB8-4876-836E-84860CA66AA4}.Release|Win32.Build.0 = Release|Win32
		{D59E9993-0408-46AC-988D-EA82A5AAA5F7}.Debug|Win32.ActiveCfg = Debug|Win32
		{D59E9993-0408-46AC-988D-EA82A5AAA5F7}.Debug|Win32.Build.0 = Debug|Win32
		{D59E9993-0408-46AC-988D-EA82A5AAA5F7}.Release|Win32.ActiveCfg = Release|Win32
		{D59E9993-0408-46AC-988D-EA82A5AAA5F7}.Release|Win32.Build.0 = Release|Win32
		{82B0D2D8-8572-459A-8FEC-7775F57BE36F}.Debug|Win32.ActiveCfg = Debug|Win32
		{82B0D2D8-8572-459A-8FEC-7775F57BE36F}.Debug|Win32.Build.0 = Debug|Win32
		{82B0D2D8-8572-459A-8FEC-7775F57BE36F}.Release|Win32.ActiveCfg = Release|Win32
		{82B0D2D8-8572-459A-8FEC-7775F57BE36F}.Release|Win32.Build.0 = Release|Win32
		{CB995EE7-41E6-480A-8912-CA633E98F8CA}.Debug|Win32.ActiveCfg = Debug|Win32
		{CB995EE7-41E6-480A-8912-CA633E98F8CA}.Debug|Win32.Build.0 = Debug|Win32
		{CB995EE7-41E6-480A-8912-CA633E98F8CA}.Release|Win32.ActiveCfg = Release|Win32
		{CB995EE7-41E6-480A-8912-CA633E98F8CA}.Release|Win32.Build.0 = Release|Win32
		{35DEE4B0-087E-4846-AD85-02FFFAA2BBA1}.Debug|Win32.ActiveCfg = Debug|Win32
		{35DEE4B0-087E-4846-AD85-02FFFAA2BBA1}.Debug|Win32.Build.0 = Debug|Win32
		{35DEE4B0-087E-4846-AD85-02FFFAA2BBA1}.Release|Win32.ActiveCfg = Release|Win32
		{35DEE4B0-087E-4846-AD85-02FFFAA2BBA1}.Release|Win32.Build.0 = Release|Win32
		{7B516F52-8639-4ED3-8E49-DA998DC58306}.Debug|Win32.ActiveCfg = Debug|Win32
		{7B516F52-8639-4ED3-8E49-DA998DC58306}.Debug|Win32.Build.0 = Debug|Win32
		{7B516F52-8639-4ED3-8E49-DA998DC58306}.Release|Win32.ActiveCfg = Release|Win32
		{7B516F52-8639-4ED3-8E49-DA998DC58306}.Release|Win32.Build.0 = Release|Win32
		{7D1D7B10-5272-4514-A975-D00AD8595F78}.Debug|Win32.ActiveCfg = Debug|Win32
		{7D1D7B10-5272-4514-A975-D00AD8595F78}.Debug|Win32.Build.0 = Debug|Win32
		{7D1D7B10-5272-4514-A975-D00AD8595F78}.Release|Win32.ActiveCfg = Release|Win32
		{7D1D7B10-5272-4514-A975-D00AD8595F78}.Release|Win32.Build.0 = Release|Win32
		{D4B70444-6003-4E79-AB4B-B864350505F8}.Debug|Win32.ActiveCfg = Debug|Win32
		{D4B70444-6003-4E79-AB4B-B864350505F8}.Debug|Win32.Build.0 = Debug|Win32
		{D4B70444-6003-4E79-AB4B-B864350505F8}.Release|Win32.ActiveCfg = Release|Win32
		{D4B70444-6003-4E79-AB4B-B864350505F8}.Release|Win32.Build.0 = Release|Win32
	EndGlobalSection
	GlobalSection(SolutionProperties) = preSolution
		HideSolutionNode = FALSE
	EndGlobalSection
EndGlobal
